lockfileVersion: 5.4

specifiers:
  '@clack/prompts': ^0.6.1

dependencies:
  '@clack/prompts': 0.6.1

packages:

  /@clack/core/0.3.0:
    resolution: {integrity: sha512-ujw1888RciTArxUvwLOf24XSygRX7F4qiCPI7WLH3zCTZJuqKPMcTS7Wqjz0x/AuMpwGPlzhKln4+sCuQqYxzA==}
    dependencies:
      picocolors: 1.0.0
      sisteransi: 1.0.5
    dev: false

  /@clack/prompts/0.6.1:
    resolution: {integrity: sha512-7KuMST/5zB7KpvfR00kcnbOaXmfN6tkJmkLpAyV2Iv2SJ7oxFbhNFvR5OQJynSKDhU8oOp/eFMK6Q0k/DXsq8A==}
    dependencies:
      '@clack/core': 0.3.0
      picocolors: 1.0.0
      sisteransi: 1.0.5
    dev: false
    bundledDependencies:
      - is-unicode-supported

  /picocolors/1.0.0:
    resolution: {integrity: sha512-1fygroTLlHu66zi26VoTDv8yRgm0Fccecssto+MhsZ0D/DGW2sm8E8AjW7NU5VVTRt5GxbeZ5qBuJr+HyLYkjQ==}
    dev: false

  /sisteransi/1.0.5:
    resolution: {integrity: sha512-bLGGlR1QxBcynn2d5YmDX4MGjlZvy2MRBDRNHLJ8VI6l6+9FUiyTFNJ0IveOSP0bcXgVDPRcfGqA0pjaqUpfVg==}
    dev: false
